
Microsoft Visual Studio Solution File, Format Version 12.00
# Visual Studio 14
VisualStudioVersion = 14.0.25420.1
MinimumVisualStudioVersion = 10.0.40219.1
Project("{FAE04EC0-301F-11D3-BF4B-00C04F79EFBC}") = "AspNetIdentity.WebApi", "AspNetIdentity.WebApi\AspNetIdentity.WebApi.csproj", "{92C1EF80-4141-40D4-9878-BE54E723FB2F}"
EndProject
Project("{FAE04EC0-301F-11D3-BF4B-00C04F79EFBC}") = "CMS", "CMS\CMS.csproj", "{837AEF7E-5833-4823-9C66-BFA39A6A61D8}"
EndProject
Project("{FAE04EC0-301F-11D3-BF4B-00C04F79EFBC}") = "ServiceLayer", "ServiceLayer\ServiceLayer.csproj", "{3EF7E58C-0489-4B67-8E0A-B31C2A83DFBB}"
EndProject
Project("{FAE04EC0-301F-11D3-BF4B-00C04F79EFBC}") = "ApiLayer", "ApiLayer\ApiLayer.csproj", "{455CCD0B-0FD3-447E-A13E-0B08CA701C64}"
EndProject
Project("{FAE04EC0-301F-11D3-BF4B-00C04F79EFBC}") = "DataLayer", "DataLayer\DataLayer.csproj", "{7EF090B8-D683-4FC1-A07B-F2435A6C6C80}"
EndProject
Global
	GlobalSection(SolutionConfigurationPlatforms) = preSolution
		Debug|Any CPU = Debug|Any CPU
		Release|Any CPU = Release|Any CPU
	EndGlobalSection
	GlobalSection(ProjectConfigurationPlatforms) = postSolution
		{92C1EF80-4141-40D4-9878-BE54E723FB2F}.Debug|Any CPU.ActiveCfg = Debug|Any CPU
		{92C1EF80-4141-40D4-9878-BE54E723FB2F}.Debug|Any CPU.Build.0 = Debug|Any CPU
		{92C1EF80-4141-40D4-9878-BE54E723FB2F}.Release|Any CPU.ActiveCfg = Release|Any CPU
		{92C1EF80-4141-40D4-9878-BE54E723FB2F}.Release|Any CPU.Build.0 = Release|Any CPU
		{837AEF7E-5833-4823-9C66-BFA39A6A61D8}.Debug|Any CPU.ActiveCfg = Debug|Any CPU
		{837AEF7E-5833-4823-9C66-BFA39A6A61D8}.Debug|Any CPU.Build.0 = Debug|Any CPU
		{837AEF7E-5833-4823-9C66-BFA39A6A61D8}.Release|Any CPU.ActiveCfg = Release|Any CPU
		{837AEF7E-5833-4823-9C66-BFA39A6A61D8}.Release|Any CPU.Build.0 = Release|Any CPU
		{3EF7E58C-0489-4B67-8E0A-B31C2A83DFBB}.Debug|Any CPU.ActiveCfg = Debug|Any CPU
		{3EF7E58C-0489-4B67-8E0A-B31C2A83DFBB}.Debug|Any CPU.Build.0 = Debug|Any CPU
		{3EF7E58C-0489-4B67-8E0A-B31C2A83DFBB}.Release|Any CPU.ActiveCfg = Release|Any CPU
		{3EF7E58C-0489-4B67-8E0A-B31C2A83DFBB}.Release|Any CPU.Build.0 = Release|Any CPU
		{455CCD0B-0FD3-447E-A13E-0B08CA701C64}.Debug|Any CPU.ActiveCfg = Debug|Any CPU
		{455CCD0B-0FD3-447E-A13E-0B08CA701C64}.Debug|Any CPU.Build.0 = Debug|Any CPU
		{455CCD0B-0FD3-447E-A13E-0B08CA701C64}.Release|Any CPU.ActiveCfg = Release|Any CPU
		{455CCD0B-0FD3-447E-A13E-0B08CA701C64}.Release|Any CPU.Build.0 = Release|Any CPU
		{7EF090B8-D683-4FC1-A07B-F2435A6C6C80}.Debug|Any CPU.ActiveCfg = Debug|Any CPU
		{7EF090B8-D683-4FC1-A07B-F2435A6C6C80}.Debug|Any CPU.Build.0 = Debug|Any CPU
		{7EF090B8-D683-4FC1-A07B-F2435A6C6C80}.Release|Any CPU.ActiveCfg = Release|Any CPU
		{7EF090B8-D683-4FC1-A07B-F2435A6C6C80}.Release|Any CPU.Build.0 = Release|Any CPU
	EndGlobalSection
	GlobalSection(SolutionProperties) = preSolution
		HideSolutionNode = FALSE
	EndGlobalSection
EndGlobal
